// !$*UTF8*$!
{
	archiveVersion = 1;
	classes = {
	};
	objectVersion = 56;
	objects = {

/* Begin PBXBuildFile section */
		3D493EE62A8357FD006F85DA /* GridVC.swift in Sources */ = {isa = PBXBuildFile; fileRef = 3D493EE52A8357FD006F85DA /* GridVC.swift */; };
		3D493EE82A8A00AC006F85DA /* AnimationVC.swift in Sources */ = {isa = PBXBuildFile; fileRef = 3D493EE72A8A00AC006F85DA /* AnimationVC.swift */; };
		3D493EEA2A8A0243006F85DA /* ExpandableListVC.swift in Sources */ = {isa = PBXBuildFile; fileRef = 3D493EE92A8A0243006F85DA /* ExpandableListVC.swift */; };
		3D493F282A9DCB31006F85DA /* ThingsListView.swift in Sources */ = {isa = PBXBuildFile; fileRef = 3D493F272A9DCB31006F85DA /* ThingsListView.swift */; };
		3D6728F82ABC1B75001DEF25 /* DemoView.swift in Sources */ = {isa = PBXBuildFile; fileRef = 3D6728F72ABC1B75001DEF25 /* DemoView.swift */; };
		3D6728FA2AC2B132001DEF25 /* CategoryVC.swift in Sources */ = {isa = PBXBuildFile; fileRef = 3D6728F92AC2B132001DEF25 /* CategoryVC.swift */; };
		D3537E712A1B4EB100AC92EC /* ImpetusOnApp.swift in Sources */ = {isa = PBXBuildFile; fileRef = D3537E702A1B4EB100AC92EC /* ImpetusOnApp.swift */; };
		D3537E732A1B4EB100AC92EC /* ContentView.swift in Sources */ = {isa = PBXBuildFile; fileRef = D3537E722A1B4EB100AC92EC /* ContentView.swift */; };
		D3537E752A1B4EB300AC92EC /* Assets.xcassets in Resources */ = {isa = PBXBuildFile; fileRef = D3537E742A1B4EB300AC92EC /* Assets.xcassets */; };
		D3537E782A1B4EB300AC92EC /* Preview Assets.xcassets in Resources */ = {isa = PBXBuildFile; fileRef = D3537E772A1B4EB300AC92EC /* Preview Assets.xcassets */; };
		D3537E9F2A1F8CD200AC92EC /* DetailVC.swift in Sources */ = {isa = PBXBuildFile; fileRef = D3537E9E2A1F8CD200AC92EC /* DetailVC.swift */; };
		D3537EA12A1F8DC500AC92EC /* ModelClass.swift in Sources */ = {isa = PBXBuildFile; fileRef = D3537EA02A1F8DC500AC92EC /* ModelClass.swift */; };
/* End PBXBuildFile section */

/* Begin PBXFileReference section */
		3D493EE52A8357FD006F85DA /* GridVC.swift */ = {isa = PBXFileReference; lastKnownFileType = sourcecode.swift; path = GridVC.swift; sourceTree = "<group>"; };
		3D493EE72A8A00AC006F85DA /* AnimationVC.swift */ = {isa = PBXFileReference; lastKnownFileType = sourcecode.swift; path = AnimationVC.swift; sourceTree = "<group>"; };
		3D493EE92A8A0243006F85DA /* ExpandableListVC.swift */ = {isa = PBXFileReference; lastKnownFileType = sourcecode.swift; path = ExpandableListVC.swift; sourceTree = "<group>"; };
		3D493F272A9DCB31006F85DA /* ThingsListView.swift */ = {isa = PBXFileReference; lastKnownFileType = sourcecode.swift; path = ThingsListView.swift; sourceTree = "<group>"; };
		3D6728F72ABC1B75001DEF25 /* DemoView.swift */ = {isa = PBXFileReference; lastKnownFileType = sourcecode.swift; path = DemoView.swift; sourceTree = "<group>"; };
		3D6728F92AC2B132001DEF25 /* CategoryVC.swift */ = {isa = PBXFileReference; lastKnownFileType = sourcecode.swift; path = CategoryVC.swift; sourceTree = "<group>"; };
		D3537E6D2A1B4EB100AC92EC /* MySwiftUIApp.app */ = {isa = PBXFileReference; explicitFileType = wrapper.application; includeInIndex = 0; path = MySwiftUIApp.app; sourceTree = BUILT_PRODUCTS_DIR; };
		D3537E702A1B4EB100AC92EC /* ImpetusOnApp.swift */ = {isa = PBXFileReference; lastKnownFileType = sourcecode.swift; path = ImpetusOnApp.swift; sourceTree = "<group>"; };
		D3537E722A1B4EB100AC92EC /* ContentView.swift */ = {isa = PBXFileReference; lastKnownFileType = sourcecode.swift; path = ContentView.swift; sourceTree = "<group>"; };
		D3537E742A1B4EB300AC92EC /* Assets.xcassets */ = {isa = PBXFileReference; lastKnownFileType = folder.assetcatalog; path = Assets.xcassets; sourceTree = "<group>"; };
		D3537E772A1B4EB300AC92EC /* Preview Assets.xcassets */ = {isa = PBXFileReference; lastKnownFileType = folder.assetcatalog; path = "Preview Assets.xcassets"; sourceTree = "<group>"; };
		D3537E9E2A1F8CD200AC92EC /* DetailVC.swift */ = {isa = PBXFileReference; lastKnownFileType = sourcecode.swift; path = DetailVC.swift; sourceTree = "<group>"; };
		D3537EA02A1F8DC500AC92EC /* ModelClass.swift */ = {isa = PBXFileReference; lastKnownFileType = sourcecode.swift; path = ModelClass.swift; sourceTree = "<group>"; };
/* End PBXFileReference section */

/* Begin PBXFrameworksBuildPhase section */
		D3537E6A2A1B4EB100AC92EC /* Frameworks */ = {
			isa = PBXFrameworksBuildPhase;
			buildActionMask = 2147483647;
			files = (
			);
			runOnlyForDeploymentPostprocessing = 0;
		};
/* End PBXFrameworksBuildPhase section */

/* Begin PBXGroup section */
		D3537E642A1B4EB100AC92EC = {
			isa = PBXGroup;
			children = (
				D3537E6F2A1B4EB100AC92EC /* MySwiftUIApp */,
				D3537E6E2A1B4EB100AC92EC /* Products */,
			);
			sourceTree = "<group>";
		};
		D3537E6E2A1B4EB100AC92EC /* Products */ = {
			isa = PBXGroup;
			children = (
				D3537E6D2A1B4EB100AC92EC /* MySwiftUIApp.app */,
			);
			name = Products;
			sourceTree = "<group>";
		};
		D3537E6F2A1B4EB100AC92EC /* MySwiftUIApp */ = {
			isa = PBXGroup;
			children = (
				D3537E702A1B4EB100AC92EC /* ImpetusOnApp.swift */,
				D3537E722A1B4EB100AC92EC /* ContentView.swift */,
				3D6728F72ABC1B75001DEF25 /* DemoView.swift */,
				D3537E9E2A1F8CD200AC92EC /* DetailVC.swift */,
				3D493EE52A8357FD006F85DA /* GridVC.swift */,
				3D493EE72A8A00AC006F85DA /* AnimationVC.swift */,
				3D6728F92AC2B132001DEF25 /* CategoryVC.swift */,
				3D493F272A9DCB31006F85DA /* ThingsListView.swift */,
				3D493EE92A8A0243006F85DA /* ExpandableListVC.swift */,
				D3537EA02A1F8DC500AC92EC /* ModelClass.swift */,
				D3537E742A1B4EB300AC92EC /* Assets.xcassets */,
				D3537E762A1B4EB300AC92EC /* Preview Content */,
			);
			path = MySwiftUIApp;
			sourceTree = "<group>";
		};
		D3537E762A1B4EB300AC92EC /* Preview Content */ = {
			isa = PBXGroup;
			children = (
				D3537E772A1B4EB300AC92EC /* Preview Assets.xcassets */,
			);
			path = "Preview Content";
			sourceTree = "<group>";
		};
/* End PBXGroup section */

/* Begin PBXNativeTarget section */
		D3537E6C2A1B4EB100AC92EC /* MySwiftUIApp */ = {
			isa = PBXNativeTarget;
			buildConfigurationList = D3537E7B2A1B4EB300AC92EC /* Build configuration list for PBXNativeTarget "MySwiftUIApp" */;
			buildPhases = (
				D3537E692A1B4EB100AC92EC /* Sources */,
				D3537E6A2A1B4EB100AC92EC /* Frameworks */,
				D3537E6B2A1B4EB100AC92EC /* Resources */,
			);
			buildRules = (
			);
			dependencies = (
			);
			name = MySwiftUIApp;
			productName = ImpetusOn;
			productReference = D3537E6D2A1B4EB100AC92EC /* MySwiftUIApp.app */;
			productType = "com.apple.product-type.application";
		};
/* End PBXNativeTarget section */

/* Begin PBXProject section */
		D3537E652A1B4EB100AC92EC /* Project object */ = {
			isa = PBXProject;
			attributes = {
				BuildIndependentTargetsInParallel = 1;
				LastSwiftUpdateCheck = 1410;
				LastUpgradeCheck = 1410;
				TargetAttributes = {
					D3537E6C2A1B4EB100AC92EC = {
						CreatedOnToolsVersion = 14.1;
					};
				};
			};
			buildConfigurationList = D3537E682A1B4EB100AC92EC /* Build configuration list for PBXProject "MySwiftUIApp" */;
			compatibilityVersion = "Xcode 14.0";
			developmentRegion = en;
			hasScannedForEncodings = 0;
			knownRegions = (
				en,
				Base,
			);
			mainGroup = D3537E642A1B4EB100AC92EC;
			productRefGroup = D3537E6E2A1B4EB100AC92EC /* Products */;
			projectDirPath = "";
			projectRoot = "";
			targets = (
				D3537E6C2A1B4EB100AC92EC /* MySwiftUIApp */,
			);
		};
/* End PBXProject section */

/* Begin PBXResourcesBuildPhase section */
		D3537E6B2A1B4EB100AC92EC /* Resources */ = {
			isa = PBXResourcesBuildPhase;
			buildActionMask = 2147483647;
			files = (
				D3537E782A1B4EB300AC92EC /* Preview Assets.xcassets in Resources */,
				D3537E752A1B4EB300AC92EC /* Assets.xcassets in Resources */,
			);
			runOnlyForDeploymentPostprocessing = 0;
		};
/* End PBXResourcesBuildPhase section */

/* Begin PBXSourcesBuildPhase section */
		D3537E692A1B4EB100AC92EC /* Sources */ = {
			isa = PBXSourcesBuildPhase;
			buildActionMask = 2147483647;
			files = (
				3D6728FA2AC2B132001DEF25 /* CategoryVC.swift in Sources */,
				D3537E732A1B4EB100AC92EC /* ContentView.swift in Sources */,
				D3537E712A1B4EB100AC92EC /* ImpetusOnApp.swift in Sources */,
				D3537EA12A1F8DC500AC92EC /* ModelClass.swift in Sources */,
				3D493F282A9DCB31006F85DA /* ThingsListView.swift in Sources */,
				3D6728F82ABC1B75001DEF25 /* DemoView.swift in Sources */,
				3D493EE82A8A00AC006F85DA /* AnimationVC.swift in Sources */,
				3D493EEA2A8A0243006F85DA /* ExpandableListVC.swift in Sources */,
				3D493EE62A8357FD006F85DA /* GridVC.swift in Sources */,
				D3537E9F2A1F8CD200AC92EC /* DetailVC.swift in Sources */,
			);
			runOnlyForDeploymentPostprocessing = 0;
		};
/* End PBXSourcesBuildPhase section */

/* Begin XCBuildConfiguration section */
		D3537E792A1B4EB300AC92EC /* Debug */ = {
			isa = XCBuildConfiguration;
			buildSettings = {
				ALWAYS_SEARCH_USER_PATHS = NO;
				CLANG_ANALYZER_NONNULL = YES;
				CLANG_ANALYZER_NUMBER_OBJECT_CONVERSION = YES_AGGRESSIVE;
				CLANG_CXX_LANGUAGE_STANDARD = "gnu++20";
				CLANG_ENABLE_MODULES = YES;
				CLANG_ENABLE_OBJC_ARC = YES;
				CLANG_ENABLE_OBJC_WEAK = YES;
				CLANG_WARN_BLOCK_CAPTURE_AUTORELEASING = YES;
				CLANG_WARN_BOOL_CONVERSION = YES;
				CLANG_WARN_COMMA = YES;
				CLANG_WARN_CONSTANT_CONVERSION = YES;
				CLANG_WARN_DEPRECATED_OBJC_IMPLEMENTATIONS = YES;
				CLANG_WARN_DIRECT_OBJC_ISA_USAGE = YES_ERROR;
				CLANG_WARN_DOCUMENTATION_COMMENTS = YES;
				CLANG_WARN_EMPTY_BODY = YES;
				CLANG_WARN_ENUM_CONVERSION = YES;
				CLANG_WARN_INFINITE_RECURSION = YES;
				CLANG_WARN_INT_CONVERSION = YES;
				CLANG_WARN_NON_LITERAL_NULL_CONVERSION = YES;
				CLANG_WARN_OBJC_IMPLICIT_RETAIN_SELF = YES;
				CLANG_WARN_OBJC_LITERAL_CONVERSION = YES;
				CLANG_WARN_OBJC_ROOT_CLASS = YES_ERROR;
				CLANG_WARN_QUOTED_INCLUDE_IN_FRAMEWORK_HEADER = YES;
				CLANG_WARN_RANGE_LOOP_ANALYSIS = YES;
				CLANG_WARN_STRICT_PROTOTYPES = YES;
				CLANG_WARN_SUSPICIOUS_MOVE = YES;
				CLANG_WARN_UNGUARDED_AVAILABILITY = YES_AGGRESSIVE;
				CLANG_WARN_UNREACHABLE_CODE = YES;
				CLANG_WARN__DUPLICATE_METHOD_MATCH = YES;
				COPY_PHASE_STRIP = NO;
				DEBUG_INFORMATION_FORMAT = dwarf;
				ENABLE_STRICT_OBJC_MSGSEND = YES;
				ENABLE_TESTABILITY = YES;
				GCC_C_LANGUAGE_STANDARD = gnu11;
				GCC_DYNAMIC_NO_PIC = NO;
				GCC_NO_COMMON_BLOCKS = YES;
				GCC_OPTIMIZATION_LEVEL = 0;
				GCC_PREPROCESSOR_DEFINITIONS = (
					"DEBUG=1",
					"$(inherited)",
				);
				GCC_WARN_64_TO_32_BIT_CONVERSION = YES;
				GCC_WARN_ABOUT_RETURN_TYPE = YES_ERROR;
				GCC_WARN_UNDECLARED_SELECTOR = YES;
				GCC_WARN_UNINITIALIZED_AUTOS = YES_AGGRESSIVE;
				GCC_WARN_UNUSED_FUNCTION = YES;
				GCC_WARN_UNUSED_VARIABLE = YES;
				IPHONEOS_DEPLOYMENT_TARGET = 16.1;
				MTL_ENABLE_DEBUG_INFO = INCLUDE_SOURCE;
				MTL_FAST_MATH = YES;
				ONLY_ACTIVE_ARCH = YES;
				SDKROOT = iphoneos;
				SWIFT_ACTIVE_COMPILATION_CONDITIONS = DEBUG;
				SWIFT_OPTIMIZATION_LEVEL = "-Onone";
			};
			name = Debug;
		};
		D3537E7A2A1B4EB300AC92EC /* Release */ = {
			isa = XCBuildConfiguration;
			buildSettings = {
				ALWAYS_SEARCH_USER_PATHS = NO;
				CLANG_ANALYZER_NONNULL = YES;
				CLANG_ANALYZER_NUMBER_OBJECT_CONVERSION = YES_AGGRESSIVE;
				CLANG_CXX_LANGUAGE_STANDARD = "gnu++20";
				CLANG_ENABLE_MODULES = YES;
				CLANG_ENABLE_OBJC_ARC = YES;
				CLANG_ENABLE_OBJC_WEAK = YES;
				CLANG_WARN_BLOCK_CAPTURE_AUTORELEASING = YES;
				CLANG_WARN_BOOL_CONVERSION = YES;
				CLANG_WARN_COMMA = YES;
				CLANG_WARN_CONSTANT_CONVERSION = YES;
				CLANG_WARN_DEPRECATED_OBJC_IMPLEMENTATIONS = YES;
				CLANG_WARN_DIRECT_OBJC_ISA_USAGE = YES_ERROR;
				CLANG_WARN_DOCUMENTATION_COMMENTS = YES;
				CLANG_WARN_EMPTY_BODY = YES;
				CLANG_WARN_ENUM_CONVERSION = YES;
				CLANG_WARN_INFINITE_RECURSION = YES;
				CLANG_WARN_INT_CONVERSION = YES;
				CLANG_WARN_NON_LITERAL_NULL_CONVERSION = YES;
				CLANG_WARN_OBJC_IMPLICIT_RETAIN_SELF = YES;
				CLANG_WARN_OBJC_LITERAL_CONVERSION = YES;
				CLANG_WARN_OBJC_ROOT_CLASS = YES_ERROR;
				CLANG_WARN_QUOTED_INCLUDE_IN_FRAMEWORK_HEADER = YES;
				CLANG_WARN_RANGE_LOOP_ANALYSIS = YES;
				CLANG_WARN_STRICT_PROTOTYPES = YES;
				CLANG_WARN_SUSPICIOUS_MOVE = YES;
				CLANG_WARN_UNGUARDED_AVAILABILITY = YES_AGGRESSIVE;
				CLANG_WARN_UNREACHABLE_CODE = YES;
				CLANG_WARN__DUPLICATE_METHOD_MATCH = YES;
				COPY_PHASE_STRIP = NO;
				DEBUG_INFORMATION_FORMAT = "dwarf-with-dsym";
				ENABLE_NS_ASSERTIONS = NO;
				ENABLE_STRICT_OBJC_MSGSEND = YES;
				GCC_C_LANGUAGE_STANDARD = gnu11;
				GCC_NO_COMMON_BLOCKS = YES;
				GCC_WARN_64_TO_32_BIT_CONVERSION = YES;
				GCC_WARN_ABOUT_RETURN_TYPE = YES_ERROR;
				GCC_WARN_UNDECLARED_SELECTOR = YES;
				GCC_WARN_UNINITIALIZED_AUTOS = YES_AGGRESSIVE;
				GCC_WARN_UNUSED_FUNCTION = YES;
				GCC_WARN_UNUSED_VARIABLE = YES;
				IPHONEOS_DEPLOYMENT_TARGET = 16.1;
				MTL_ENABLE_DEBUG_INFO = NO;
				MTL_FAST_MATH = YES;
				SDKROOT = iphoneos;
				SWIFT_COMPILATION_MODE = wholemodule;
				SWIFT_OPTIMIZATION_LEVEL = "-O";
				VALIDATE_PRODUCT = YES;
			};
			name = Release;
		};
		D3537E7C2A1B4EB300AC92EC /* Debug */ = {
			isa = XCBuildConfiguration;
			buildSettings = {
				ASSETCATALOG_COMPILER_APPICON_NAME = AppIcon;
				ASSETCATALOG_COMPILER_GLOBAL_ACCENT_COLOR_NAME = AccentColor;
				CODE_SIGN_STYLE = Automatic;
				CURRENT_PROJECT_VERSION = 1;
				DEVELOPMENT_ASSET_PATHS = "\"ImpetusOn/Preview Content\"";
				ENABLE_PREVIEWS = YES;
				GENERATE_INFOPLIST_FILE = YES;
				INFOPLIST_KEY_UIApplicationSceneManifest_Generation = YES;
				INFOPLIST_KEY_UIApplicationSupportsIndirectInputEvents = YES;
				INFOPLIST_KEY_UILaunchScreen_Generation = YES;
				INFOPLIST_KEY_UISupportedInterfaceOrientations_iPad = "UIInterfaceOrientationPortrait UIInterfaceOrientationPortraitUpsideDown UIInterfaceOrientationLandscapeLeft UIInterfaceOrientationLandscapeRight";
				INFOPLIST_KEY_UISupportedInterfaceOrientations_iPhone = "UIInterfaceOrientationPortrait UIInterfaceOrientationLandscapeLeft UIInterfaceOrientationLandscapeRight";
				IPHONEOS_DEPLOYMENT_TARGET = 16.0;
				LD_RUNPATH_SEARCH_PATHS = (
					"$(inherited)",
					"@executable_path/Frameworks",
				);
				MARKETING_VERSION = 1.0;
				PRODUCT_BUNDLE_IDENTIFIER = com.test.com.ImpetusOn;
				PRODUCT_NAME = "$(TARGET_NAME)";
				SWIFT_EMIT_LOC_STRINGS = YES;
				SWIFT_VERSION = 5.0;
				TARGETED_DEVICE_FAMILY = "1,2";
			};
			name = Debug;
		};
		D3537E7D2A1B4EB300AC92EC /* Release */ = {
			isa = XCBuildConfiguration;
			buildSettings = {
				ASSETCATALOG_COMPILER_APPICON_NAME = AppIcon;
				ASSETCATALOG_COMPILER_GLOBAL_ACCENT_COLOR_NAME = AccentColor;
				CODE_SIGN_STYLE = Automatic;
				CURRENT_PROJECT_VERSION = 1;
				DEVELOPMENT_ASSET_PATHS = "\"ImpetusOn/Preview Content\"";
				ENABLE_PREVIEWS = YES;
				GENERATE_INFOPLIST_FILE = YES;
				INFOPLIST_KEY_UIApplicationSceneManifest_Generation = YES;
				INFOPLIST_KEY_UIApplicationSupportsIndirectInputEvents = YES;
				INFOPLIST_KEY_UILaunchScreen_Generation = YES;
				INFOPLIST_KEY_UISupportedInterfaceOrientations_iPad = "UIInterfaceOrientationPortrait UIInterfaceOrientationPortraitUpsideDown UIInterfaceOrientationLandscapeLeft UIInterfaceOrientationLandscapeRight";
				INFOPLIST_KEY_UISupportedInterfaceOrientations_iPhone = "UIInterfaceOrientationPortrait UIInterfaceOrientationLandscapeLeft UIInterfaceOrientationLandscapeRight";
				IPHONEOS_DEPLOYMENT_TARGET = 16.0;
				LD_RUNPATH_SEARCH_PATHS = (
					"$(inherited)",
					"@executable_path/Frameworks",
				);
				MARKETING_VERSION = 1.0;
				PRODUCT_BUNDLE_IDENTIFIER = com.test.com.ImpetusOn;
				PRODUCT_NAME = "$(TARGET_NAME)";
				SWIFT_EMIT_LOC_STRINGS = YES;
				SWIFT_VERSION = 5.0;
				TARGETED_DEVICE_FAMILY = "1,2";
			};
			name = Release;
		};
/* End XCBuildConfiguration section */

/* Begin XCConfigurationList section */
		D3537E682A1B4EB100AC92EC /* Build configuration list for PBXProject "MySwiftUIApp" */ = {
			isa = XCConfigurationList;
			buildConfigurations = (
				D3537E792A1B4EB300AC92EC /* Debug */,
				D3537E7A2A1B4EB300AC92EC /* Release */,
			);
			defaultConfigurationIsVisible = 0;
			defaultConfigurationName = Release;
		};
		D3537E7B2A1B4EB300AC92EC /* Build configuration list for PBXNativeTarget "MySwiftUIApp" */ = {
			isa = XCConfigurationList;
			buildConfigurations = (
				D3537E7C2A1B4EB300AC92EC /* Debug */,
				D3537E7D2A1B4EB300AC92EC /* Release */,
			);
			defaultConfigurationIsVisible = 0;
			defaultConfigurationName = Release;
		};
/* End XCConfigurationList section */
	};
	rootObject = D3537E652A1B4EB100AC92EC /* Project object */;
}
